
Microsoft Visual Studio Solution File, Format Version 11.00
# Visual Studio 2010
Project("{FAE04EC0-301F-11D3-BF4B-00C04F79EFBC}") = "shallow_water", "src\shallow_water.csproj", "{46D2B3E7-DA6C-4E65-B111-A79F47A4A2FC}"
EndProject
Project("{FAE04EC0-301F-11D3-BF4B-00C04F79EFBC}") = "Utilities", "..\..\_utils\cil\Utilities\Utilities.csproj", "{D6CA1418-5885-4311-AFD8-94916E437EFE}"
EndProject
Global
	GlobalSection(SolutionConfigurationPlatforms) = preSolution
		Debug|Any CPU = Debug|Any CPU
		Release|Any CPU = Release|Any CPU
	EndGlobalSection
	GlobalSection(ProjectConfigurationPlatforms) = postSolution
		{46D2B3E7-DA6C-4E65-B111-A79F47A4A2FC}.Debug|Any CPU.ActiveCfg = Debug|Any CPU
		{46D2B3E7-DA6C-4E65-B111-A79F47A4A2FC}.Debug|Any CPU.Build.0 = Debug|Any CPU
		{46D2B3E7-DA6C-4E65-B111-A79F47A4A2FC}.Release|Any CPU.ActiveCfg = Release|Any CPU
		{46D2B3E7-DA6C-4E65-B111-A79F47A4A2FC}.Release|Any CPU.Build.0 = Release|Any CPU
		{D6CA1418-5885-4311-AFD8-94916E437EFE}.Debug|Any CPU.ActiveCfg = Debug|Any CPU
		{D6CA1418-5885-4311-AFD8-94916E437EFE}.Debug|Any CPU.Build.0 = Debug|Any CPU
		{D6CA1418-5885-4311-AFD8-94916E437EFE}.Release|Any CPU.ActiveCfg = Release|Any CPU
		{D6CA1418-5885-4311-AFD8-94916E437EFE}.Release|Any CPU.Build.0 = Release|Any CPU
	EndGlobalSection
	GlobalSection(MonoDevelopProperties) = preSolution
		StartupItem = ssrc\shallow_water.csproj
	EndGlobalSection
EndGlobal
